
Microsoft Visual Studio Solution File, Format Version 12.00
# Visual Studio 2013
VisualStudioVersion = 12.0.40629.0
MinimumVisualStudioVersion = 10.0.40219.1
Project("{FAE04EC0-301F-11D3-BF4B-00C04F79EFBC}") = "AuthAuthDemo.Web", "Projects\AuthAuthDemo.Web\AuthAuthDemo.Web.csproj", "{9D39F901-1EF0-4F4D-825A-088F130CD7F8}"
EndProject
Project("{FAE04EC0-301F-11D3-BF4B-00C04F79EFBC}") = "AuthAuthDemo.Repositories", "Projects\AuthAuthDemo.Repositories\AuthAuthDemo.Repositories.csproj", "{68DCBFB3-8B9D-46EE-B329-643746CF0E25}"
EndProject
Project("{FAE04EC0-301F-11D3-BF4B-00C04F79EFBC}") = "AuthAuthDemo.Domain", "Projects\AuthAuthDemo.Domain\AuthAuthDemo.Domain.csproj", "{2E85823D-6622-42FA-8C4C-8E0E6D0A4E6D}"
EndProject
Global
	GlobalSection(SolutionConfigurationPlatforms) = preSolution
		Debug|Any CPU = Debug|Any CPU
		Release|Any CPU = Release|Any CPU
	EndGlobalSection
	GlobalSection(ProjectConfigurationPlatforms) = postSolution
		{9D39F901-1EF0-4F4D-825A-088F130CD7F8}.Debug|Any CPU.ActiveCfg = Debug|Any CPU
		{9D39F901-1EF0-4F4D-825A-088F130CD7F8}.Debug|Any CPU.Build.0 = Debug|Any CPU
		{9D39F901-1EF0-4F4D-825A-088F130CD7F8}.Release|Any CPU.ActiveCfg = Release|Any CPU
		{9D39F901-1EF0-4F4D-825A-088F130CD7F8}.Release|Any CPU.Build.0 = Release|Any CPU
		{68DCBFB3-8B9D-46EE-B329-643746CF0E25}.Debug|Any CPU.ActiveCfg = Debug|Any CPU
		{68DCBFB3-8B9D-46EE-B329-643746CF0E25}.Debug|Any CPU.Build.0 = Debug|Any CPU
		{68DCBFB3-8B9D-46EE-B329-643746CF0E25}.Release|Any CPU.ActiveCfg = Release|Any CPU
		{68DCBFB3-8B9D-46EE-B329-643746CF0E25}.Release|Any CPU.Build.0 = Release|Any CPU
		{2E85823D-6622-42FA-8C4C-8E0E6D0A4E6D}.Debug|Any CPU.ActiveCfg = Debug|Any CPU
		{2E85823D-6622-42FA-8C4C-8E0E6D0A4E6D}.Debug|Any CPU.Build.0 = Debug|Any CPU
		{2E85823D-6622-42FA-8C4C-8E0E6D0A4E6D}.Release|Any CPU.ActiveCfg = Release|Any CPU
		{2E85823D-6622-42FA-8C4C-8E0E6D0A4E6D}.Release|Any CPU.Build.0 = Release|Any CPU
	EndGlobalSection
	GlobalSection(SolutionProperties) = preSolution
		HideSolutionNode = FALSE
	EndGlobalSection
EndGlobal
